// !$*UTF8*$!
{
	archiveVersion = 1;
	classes = {
	};
	objectVersion = 44;
	objects = {

/* Begin PBXBuildFile section */
		000BBA95108CB520004FB38E /* Sparkle.framework in Frameworks */ = {isa = PBXBuildFile; fileRef = 000BBA94108CB520004FB38E /* Sparkle.framework */; };
		000BBA97108CB549004FB38E /* Sparkle.framework in Copy Frameworks */ = {isa = PBXBuildFile; fileRef = 000BBA94108CB520004FB38E /* Sparkle.framework */; };
		000BBA9F108CB571004FB38E /* dsa_pub.pem in Resources */ = {isa = PBXBuildFile; fileRef = 000BBA9E108CB571004FB38E /* dsa_pub.pem */; };
		000BBABC108CD6F6004FB38E /* status_bar_item.rb in Resources */ = {isa = PBXBuildFile; fileRef = 000BBABB108CD6F6004FB38E /* status_bar_item.rb */; };
		002BEF7F108C762800E47918 /* real_path.rb in Resources */ = {isa = PBXBuildFile; fileRef = 002BEF7E108C762800E47918 /* real_path.rb */; };
		008BBC09107A3BA2004ED2FE /* menu_controller.rb in Resources */ = {isa = PBXBuildFile; fileRef = 008BBC08107A3BA2004ED2FE /* menu_controller.rb */; };
		008BBC40107A4F6D004ED2FE /* notifications.rb in Resources */ = {isa = PBXBuildFile; fileRef = 008BBC3F107A4F6D004ED2FE /* notifications.rb */; };
		008BBC59107C9F76004ED2FE /* preferences.rb in Resources */ = {isa = PBXBuildFile; fileRef = 008BBC58107C9F76004ED2FE /* preferences.rb */; };
		008BBC5C107C9F9A004ED2FE /* launch_agent.rb in Resources */ = {isa = PBXBuildFile; fileRef = 008BBC5B107C9F9A004ED2FE /* launch_agent.rb */; };
		008BBC5F107CA31C004ED2FE /* command.rb in Resources */ = {isa = PBXBuildFile; fileRef = 008BBC5E107CA31C004ED2FE /* command.rb */; };
		008BBC72107CE212004ED2FE /* launch_agent_template.plist.erb in Resources */ = {isa = PBXBuildFile; fileRef = 008BBC71107CE212004ED2FE /* launch_agent_template.plist.erb */; };
		008D8BCF108DCF4400C3BE30 /* RubyCocoa.framework in Copy Frameworks */ = {isa = PBXBuildFile; fileRef = E8F5E24E03AEB6EC03A81C6F /* RubyCocoa.framework */; };
		00AF3356107E0723007571A0 /* app_a.png in Resources */ = {isa = PBXBuildFile; fileRef = 00AF3354107E0723007571A0 /* app_a.png */; };
		00AF3357107E0723007571A0 /* app.png in Resources */ = {isa = PBXBuildFile; fileRef = 00AF3355107E0723007571A0 /* app.png */; };
		00AF335A107E09DC007571A0 /* error_a.png in Resources */ = {isa = PBXBuildFile; fileRef = 00AF3358107E09DC007571A0 /* error_a.png */; };
		00AF335B107E09DC007571A0 /* error.png in Resources */ = {isa = PBXBuildFile; fileRef = 00AF3359107E09DC007571A0 /* error.png */; };
		00AF3365107E2D39007571A0 /* app-0.png in Resources */ = {isa = PBXBuildFile; fileRef = 00AF335D107E2D39007571A0 /* app-0.png */; };
		00AF3366107E2D39007571A0 /* app-14.png in Resources */ = {isa = PBXBuildFile; fileRef = 00AF335E107E2D39007571A0 /* app-14.png */; };
		00AF3367107E2D39007571A0 /* app-12.png in Resources */ = {isa = PBXBuildFile; fileRef = 00AF335F107E2D39007571A0 /* app-12.png */; };
		00AF3368107E2D39007571A0 /* app-10.png in Resources */ = {isa = PBXBuildFile; fileRef = 00AF3360107E2D39007571A0 /* app-10.png */; };
		00AF3369107E2D39007571A0 /* app-8.png in Resources */ = {isa = PBXBuildFile; fileRef = 00AF3361107E2D39007571A0 /* app-8.png */; };
		00AF336A107E2D39007571A0 /* app-6.png in Resources */ = {isa = PBXBuildFile; fileRef = 00AF3362107E2D39007571A0 /* app-6.png */; };
		00AF336B107E2D39007571A0 /* app-4.png in Resources */ = {isa = PBXBuildFile; fileRef = 00AF3363107E2D39007571A0 /* app-4.png */; };
		00AF336C107E2D39007571A0 /* app-2.png in Resources */ = {isa = PBXBuildFile; fileRef = 00AF3364107E2D39007571A0 /* app-2.png */; };
		00AF3376107E35ED007571A0 /* app-15.png in Resources */ = {isa = PBXBuildFile; fileRef = 00AF336E107E35ED007571A0 /* app-15.png */; };
		00AF3377107E35ED007571A0 /* app-13.png in Resources */ = {isa = PBXBuildFile; fileRef = 00AF336F107E35ED007571A0 /* app-13.png */; };
		00AF3378107E35ED007571A0 /* app-11.png in Resources */ = {isa = PBXBuildFile; fileRef = 00AF3370107E35ED007571A0 /* app-11.png */; };
		00AF3379107E35ED007571A0 /* app-9.png in Resources */ = {isa = PBXBuildFile; fileRef = 00AF3371107E35ED007571A0 /* app-9.png */; };
		00AF337A107E35ED007571A0 /* app-7.png in Resources */ = {isa = PBXBuildFile; fileRef = 00AF3372107E35ED007571A0 /* app-7.png */; };
		00AF337B107E35ED007571A0 /* app-5.png in Resources */ = {isa = PBXBuildFile; fileRef = 00AF3373107E35ED007571A0 /* app-5.png */; };
		00AF337C107E35ED007571A0 /* app-3.png in Resources */ = {isa = PBXBuildFile; fileRef = 00AF3374107E35ED007571A0 /* app-3.png */; };
		00AF337D107E35ED007571A0 /* app-1.png in Resources */ = {isa = PBXBuildFile; fileRef = 00AF3375107E35ED007571A0 /* app-1.png */; };
		4DDCA7060ACC9A6100E082CE /* MainMenu.nib in Resources */ = {isa = PBXBuildFile; fileRef = 29B97318FDCFA39411CA2CEA /* MainMenu.nib */; };
		4DDCA7070ACC9A6100E082CE /* InfoPlist.strings in Resources */ = {isa = PBXBuildFile; fileRef = 089C165CFE840E0CC02AAC07 /* InfoPlist.strings */; };
		4DDCA7080ACC9A6100E082CE /* rb_main.rb in Resources */ = {isa = PBXBuildFile; fileRef = E8F5E25803AEB7C803A81C6F /* rb_main.rb */; };
		4DDCA70A0ACC9A6100E082CE /* main.m in Sources */ = {isa = PBXBuildFile; fileRef = 29B97316FDCFA39411CA2CEA /* main.m */; settings = {ATTRIBUTES = (); }; };
		4DDCA70C0ACC9A6100E082CE /* Cocoa.framework in Frameworks */ = {isa = PBXBuildFile; fileRef = 1058C7A1FEA54F0111CA2CBB /* Cocoa.framework */; };
		4DDCA70D0ACC9A6100E082CE /* RubyCocoa.framework in Frameworks */ = {isa = PBXBuildFile; fileRef = E8F5E24E03AEB6EC03A81C6F /* RubyCocoa.framework */; };
/* End PBXBuildFile section */

/* Begin PBXCopyFilesBuildPhase section */
		000BBA9D108CB552004FB38E /* Copy Frameworks */ = {
			isa = PBXCopyFilesBuildPhase;
			buildActionMask = 2147483647;
			dstPath = "";
			dstSubfolderSpec = 10;
			files = (
				008D8BCF108DCF4400C3BE30 /* RubyCocoa.framework in Copy Frameworks */,
				000BBA97108CB549004FB38E /* Sparkle.framework in Copy Frameworks */,
			);
			name = "Copy Frameworks";
			runOnlyForDeploymentPostprocessing = 0;
		};
/* End PBXCopyFilesBuildPhase section */

/* Begin PBXFileReference section */
		000BBA94108CB520004FB38E /* Sparkle.framework */ = {isa = PBXFileReference; lastKnownFileType = wrapper.framework; path = Sparkle.framework; sourceTree = "<group>"; };
		000BBA9E108CB571004FB38E /* dsa_pub.pem */ = {isa = PBXFileReference; fileEncoding = 4; lastKnownFileType = text; path = dsa_pub.pem; sourceTree = "<group>"; };
		000BBABB108CD6F6004FB38E /* status_bar_item.rb */ = {isa = PBXFileReference; fileEncoding = 4; lastKnownFileType = text.script.ruby; path = status_bar_item.rb; sourceTree = "<group>"; };
		002BEF7E108C762800E47918 /* real_path.rb */ = {isa = PBXFileReference; fileEncoding = 4; lastKnownFileType = text.script.ruby; path = real_path.rb; sourceTree = "<group>"; };
		008BBC08107A3BA2004ED2FE /* menu_controller.rb */ = {isa = PBXFileReference; fileEncoding = 4; lastKnownFileType = text.script.ruby; path = menu_controller.rb; sourceTree = "<group>"; };
		008BBC3F107A4F6D004ED2FE /* notifications.rb */ = {isa = PBXFileReference; fileEncoding = 4; lastKnownFileType = text.script.ruby; path = notifications.rb; sourceTree = "<group>"; };
		008BBC58107C9F76004ED2FE /* preferences.rb */ = {isa = PBXFileReference; fileEncoding = 4; lastKnownFileType = text.script.ruby; path = preferences.rb; sourceTree = "<group>"; };
		008BBC5B107C9F9A004ED2FE /* launch_agent.rb */ = {isa = PBXFileReference; fileEncoding = 4; lastKnownFileType = text.script.ruby; path = launch_agent.rb; sourceTree = "<group>"; };
		008BBC5E107CA31C004ED2FE /* command.rb */ = {isa = PBXFileReference; fileEncoding = 4; lastKnownFileType = text.script.ruby; path = command.rb; sourceTree = "<group>"; };
		008BBC71107CE212004ED2FE /* launch_agent_template.plist.erb */ = {isa = PBXFileReference; fileEncoding = 4; lastKnownFileType = text.xml; path = launch_agent_template.plist.erb; sourceTree = "<group>"; };
		00AF3354107E0723007571A0 /* app_a.png */ = {isa = PBXFileReference; lastKnownFileType = image.png; path = app_a.png; sourceTree = "<group>"; };
		00AF3355107E0723007571A0 /* app.png */ = {isa = PBXFileReference; lastKnownFileType = image.png; path = app.png; sourceTree = "<group>"; };
		00AF3358107E09DC007571A0 /* error_a.png */ = {isa = PBXFileReference; lastKnownFileType = image.png; path = error_a.png; sourceTree = "<group>"; };
		00AF3359107E09DC007571A0 /* error.png */ = {isa = PBXFileReference; lastKnownFileType = image.png; path = error.png; sourceTree = "<group>"; };
		00AF335D107E2D39007571A0 /* app-0.png */ = {isa = PBXFileReference; lastKnownFileType = image.png; path = "app-0.png"; sourceTree = "<group>"; };
		00AF335E107E2D39007571A0 /* app-14.png */ = {isa = PBXFileReference; lastKnownFileType = image.png; path = "app-14.png"; sourceTree = "<group>"; };
		00AF335F107E2D39007571A0 /* app-12.png */ = {isa = PBXFileReference; lastKnownFileType = image.png; path = "app-12.png"; sourceTree = "<group>"; };
		00AF3360107E2D39007571A0 /* app-10.png */ = {isa = PBXFileReference; lastKnownFileType = image.png; path = "app-10.png"; sourceTree = "<group>"; };
		00AF3361107E2D39007571A0 /* app-8.png */ = {isa = PBXFileReference; lastKnownFileType = image.png; path = "app-8.png"; sourceTree = "<group>"; };
		00AF3362107E2D39007571A0 /* app-6.png */ = {isa = PBXFileReference; lastKnownFileType = image.png; path = "app-6.png"; sourceTree = "<group>"; };
		00AF3363107E2D39007571A0 /* app-4.png */ = {isa = PBXFileReference; lastKnownFileType = image.png; path = "app-4.png"; sourceTree = "<group>"; };
		00AF3364107E2D39007571A0 /* app-2.png */ = {isa = PBXFileReference; lastKnownFileType = image.png; path = "app-2.png"; sourceTree = "<group>"; };
		00AF336E107E35ED007571A0 /* app-15.png */ = {isa = PBXFileReference; lastKnownFileType = image.png; path = "app-15.png"; sourceTree = "<group>"; };
		00AF336F107E35ED007571A0 /* app-13.png */ = {isa = PBXFileReference; lastKnownFileType = image.png; path = "app-13.png"; sourceTree = "<group>"; };
		00AF3370107E35ED007571A0 /* app-11.png */ = {isa = PBXFileReference; lastKnownFileType = image.png; path = "app-11.png"; sourceTree = "<group>"; };
		00AF3371107E35ED007571A0 /* app-9.png */ = {isa = PBXFileReference; lastKnownFileType = image.png; path = "app-9.png"; sourceTree = "<group>"; };
		00AF3372107E35ED007571A0 /* app-7.png */ = {isa = PBXFileReference; lastKnownFileType = image.png; path = "app-7.png"; sourceTree = "<group>"; };
		00AF3373107E35ED007571A0 /* app-5.png */ = {isa = PBXFileReference; lastKnownFileType = image.png; path = "app-5.png"; sourceTree = "<group>"; };
		00AF3374107E35ED007571A0 /* app-3.png */ = {isa = PBXFileReference; lastKnownFileType = image.png; path = "app-3.png"; sourceTree = "<group>"; };
		00AF3375107E35ED007571A0 /* app-1.png */ = {isa = PBXFileReference; lastKnownFileType = image.png; path = "app-1.png"; sourceTree = "<group>"; };
		089C165DFE840E0CC02AAC07 /* English */ = {isa = PBXFileReference; fileEncoding = 10; lastKnownFileType = text.plist.strings; name = English; path = English.lproj/InfoPlist.strings; sourceTree = "<group>"; };
		1058C7A1FEA54F0111CA2CBB /* Cocoa.framework */ = {isa = PBXFileReference; lastKnownFileType = wrapper.framework; name = Cocoa.framework; path = /System/Library/Frameworks/Cocoa.framework; sourceTree = "<absolute>"; };
		29B97316FDCFA39411CA2CEA /* main.m */ = {isa = PBXFileReference; fileEncoding = 30; lastKnownFileType = sourcecode.c.objc; path = main.m; sourceTree = "<group>"; };
		29B97319FDCFA39411CA2CEA /* English */ = {isa = PBXFileReference; lastKnownFileType = wrapper.nib; name = English; path = English.lproj/MainMenu.nib; sourceTree = "<group>"; };
		29B97324FDCFA39411CA2CEA /* AppKit.framework */ = {isa = PBXFileReference; lastKnownFileType = wrapper.framework; name = AppKit.framework; path = /System/Library/Frameworks/AppKit.framework; sourceTree = "<absolute>"; };
		29B97325FDCFA39411CA2CEA /* Foundation.framework */ = {isa = PBXFileReference; lastKnownFileType = wrapper.framework; name = Foundation.framework; path = /System/Library/Frameworks/Foundation.framework; sourceTree = "<absolute>"; };
		4DDCA7110ACC9A6100E082CE /* Info.plist */ = {isa = PBXFileReference; lastKnownFileType = text.plist.xml; path = Info.plist; sourceTree = "<group>"; };
		4DDCA7120ACC9A6100E082CE /* InstalldMenu.app */ = {isa = PBXFileReference; explicitFileType = wrapper.application; includeInIndex = 0; path = InstalldMenu.app; sourceTree = BUILT_PRODUCTS_DIR; };
		E8F5E24E03AEB6EC03A81C6F /* RubyCocoa.framework */ = {isa = PBXFileReference; lastKnownFileType = wrapper.framework; name = RubyCocoa.framework; path = /System/Library/Frameworks/RubyCocoa.framework; sourceTree = "<absolute>"; };
		E8F5E25803AEB7C803A81C6F /* rb_main.rb */ = {isa = PBXFileReference; lastKnownFileType = text.script.ruby; path = rb_main.rb; sourceTree = "<group>"; };
/* End PBXFileReference section */

/* Begin PBXFrameworksBuildPhase section */
		4DDCA70B0ACC9A6100E082CE /* Frameworks */ = {
			isa = PBXFrameworksBuildPhase;
			buildActionMask = 2147483647;
			files = (
				4DDCA70C0ACC9A6100E082CE /* Cocoa.framework in Frameworks */,
				4DDCA70D0ACC9A6100E082CE /* RubyCocoa.framework in Frameworks */,
				000BBA95108CB520004FB38E /* Sparkle.framework in Frameworks */,
			);
			runOnlyForDeploymentPostprocessing = 0;
		};
/* End PBXFrameworksBuildPhase section */

/* Begin PBXGroup section */
		080E96DDFE201D6D7F000001 /* Classes */ = {
			isa = PBXGroup;
			children = (
			);
			name = Classes;
			sourceTree = "<group>";
		};
		1058C7A0FEA54F0111CA2CBB /* Linked Frameworks */ = {
			isa = PBXGroup;
			children = (
				000BBA94108CB520004FB38E /* Sparkle.framework */,
				1058C7A1FEA54F0111CA2CBB /* Cocoa.framework */,
				E8F5E24E03AEB6EC03A81C6F /* RubyCocoa.framework */,
			);
			name = "Linked Frameworks";
			sourceTree = "<group>";
		};
		1058C7A2FEA54F0111CA2CBB /* Other Frameworks */ = {
			isa = PBXGroup;
			children = (
				29B97325FDCFA39411CA2CEA /* Foundation.framework */,
				29B97324FDCFA39411CA2CEA /* AppKit.framework */,
			);
			name = "Other Frameworks";
			sourceTree = "<group>";
		};
		19C28FACFE9D520D11CA2CBB /* Products */ = {
			isa = PBXGroup;
			children = (
				4DDCA7120ACC9A6100E082CE /* InstalldMenu.app */,
			);
			name = Products;
			sourceTree = "<group>";
		};
		29B97314FDCFA39411CA2CEA /* InstalldMenu */ = {
			isa = PBXGroup;
			children = (
				080E96DDFE201D6D7F000001 /* Classes */,
				29B97315FDCFA39411CA2CEA /* Other Sources */,
				29B97317FDCFA39411CA2CEA /* Resources */,
				29B97323FDCFA39411CA2CEA /* Frameworks */,
				19C28FACFE9D520D11CA2CBB /* Products */,
				4DDCA7110ACC9A6100E082CE /* Info.plist */,
			);
			name = InstalldMenu;
			sourceTree = "<group>";
		};
		29B97315FDCFA39411CA2CEA /* Other Sources */ = {
			isa = PBXGroup;
			children = (
				000BBABB108CD6F6004FB38E /* status_bar_item.rb */,
				002BEF7E108C762800E47918 /* real_path.rb */,
				008BBC5E107CA31C004ED2FE /* command.rb */,
				008BBC5B107C9F9A004ED2FE /* launch_agent.rb */,
				008BBC58107C9F76004ED2FE /* preferences.rb */,
				008BBC3F107A4F6D004ED2FE /* notifications.rb */,
				008BBC08107A3BA2004ED2FE /* menu_controller.rb */,
				29B97316FDCFA39411CA2CEA /* main.m */,
				E8F5E25803AEB7C803A81C6F /* rb_main.rb */,
			);
			name = "Other Sources";
			sourceTree = "<group>";
		};
		29B97317FDCFA39411CA2CEA /* Resources */ = {
			isa = PBXGroup;
			children = (
				000BBA9E108CB571004FB38E /* dsa_pub.pem */,
				00AF336E107E35ED007571A0 /* app-15.png */,
				00AF336F107E35ED007571A0 /* app-13.png */,
				00AF3370107E35ED007571A0 /* app-11.png */,
				00AF3371107E35ED007571A0 /* app-9.png */,
				00AF3372107E35ED007571A0 /* app-7.png */,
				00AF3373107E35ED007571A0 /* app-5.png */,
				00AF3374107E35ED007571A0 /* app-3.png */,
				00AF3375107E35ED007571A0 /* app-1.png */,
				00AF335D107E2D39007571A0 /* app-0.png */,
				00AF335E107E2D39007571A0 /* app-14.png */,
				00AF335F107E2D39007571A0 /* app-12.png */,
				00AF3360107E2D39007571A0 /* app-10.png */,
				00AF3361107E2D39007571A0 /* app-8.png */,
				00AF3362107E2D39007571A0 /* app-6.png */,
				00AF3363107E2D39007571A0 /* app-4.png */,
				00AF3364107E2D39007571A0 /* app-2.png */,
				00AF3358107E09DC007571A0 /* error_a.png */,
				00AF3359107E09DC007571A0 /* error.png */,
				00AF3354107E0723007571A0 /* app_a.png */,
				00AF3355107E0723007571A0 /* app.png */,
				008BBC71107CE212004ED2FE /* launch_agent_template.plist.erb */,
				29B97318FDCFA39411CA2CEA /* MainMenu.nib */,
				089C165CFE840E0CC02AAC07 /* InfoPlist.strings */,
			);
			name = Resources;
			sourceTree = "<group>";
		};
		29B97323FDCFA39411CA2CEA /* Frameworks */ = {
			isa = PBXGroup;
			children = (
				1058C7A0FEA54F0111CA2CBB /* Linked Frameworks */,
				1058C7A2FEA54F0111CA2CBB /* Other Frameworks */,
			);
			name = Frameworks;
			sourceTree = "<group>";
		};
/* End PBXGroup section */

/* Begin PBXHeadersBuildPhase section */
		4DDCA7040ACC9A6100E082CE /* Headers */ = {
			isa = PBXHeadersBuildPhase;
			buildActionMask = 2147483647;
			files = (
			);
			runOnlyForDeploymentPostprocessing = 0;
		};
/* End PBXHeadersBuildPhase section */

/* Begin PBXNativeTarget section */
		4DDCA7030ACC9A6100E082CE /* InstalldMenu */ = {
			isa = PBXNativeTarget;
			buildConfigurationList = 4DDCA70E0ACC9A6100E082CE /* Build configuration list for PBXNativeTarget "InstalldMenu" */;
			buildPhases = (
				4DDCA7040ACC9A6100E082CE /* Headers */,
				4DDCA7050ACC9A6100E082CE /* Resources */,
				4DDCA7090ACC9A6100E082CE /* Sources */,
				4DDCA70B0ACC9A6100E082CE /* Frameworks */,
				000BBA9D108CB552004FB38E /* Copy Frameworks */,
			);
			buildRules = (
			);
			dependencies = (
			);
			name = InstalldMenu;
			productInstallPath = "$(HOME)/Applications";
			productName = InstalldMenu;
			productReference = 4DDCA7120ACC9A6100E082CE /* InstalldMenu.app */;
			productType = "com.apple.product-type.application";
		};
/* End PBXNativeTarget section */

/* Begin PBXProject section */
		29B97313FDCFA39411CA2CEA /* Project object */ = {
			isa = PBXProject;
			buildConfigurationList = 4D7A7B570ABF745500C2D4C0 /* Build configuration list for PBXProject "InstalldMenu" */;
			compatibilityVersion = "Xcode 3.0";
			hasScannedForEncodings = 0;
			mainGroup = 29B97314FDCFA39411CA2CEA /* InstalldMenu */;
			projectDirPath = "";
			projectRoot = "";
			targets = (
				4DDCA7030ACC9A6100E082CE /* InstalldMenu */,
			);
		};
/* End PBXProject section */

/* Begin PBXResourcesBuildPhase section */
		4DDCA7050ACC9A6100E082CE /* Resources */ = {
			isa = PBXResourcesBuildPhase;
			buildActionMask = 2147483647;
			files = (
				4DDCA7060ACC9A6100E082CE /* MainMenu.nib in Resources */,
				4DDCA7070ACC9A6100E082CE /* InfoPlist.strings in Resources */,
				4DDCA7080ACC9A6100E082CE /* rb_main.rb in Resources */,
				008BBC09107A3BA2004ED2FE /* menu_controller.rb in Resources */,
				008BBC40107A4F6D004ED2FE /* notifications.rb in Resources */,
				008BBC59107C9F76004ED2FE /* preferences.rb in Resources */,
				008BBC5C107C9F9A004ED2FE /* launch_agent.rb in Resources */,
				008BBC5F107CA31C004ED2FE /* command.rb in Resources */,
				008BBC72107CE212004ED2FE /* launch_agent_template.plist.erb in Resources */,
				00AF3356107E0723007571A0 /* app_a.png in Resources */,
				00AF3357107E0723007571A0 /* app.png in Resources */,
				00AF335A107E09DC007571A0 /* error_a.png in Resources */,
				00AF335B107E09DC007571A0 /* error.png in Resources */,
				00AF3365107E2D39007571A0 /* app-0.png in Resources */,
				00AF3366107E2D39007571A0 /* app-14.png in Resources */,
				00AF3367107E2D39007571A0 /* app-12.png in Resources */,
				00AF3368107E2D39007571A0 /* app-10.png in Resources */,
				00AF3369107E2D39007571A0 /* app-8.png in Resources */,
				00AF336A107E2D39007571A0 /* app-6.png in Resources */,
				00AF336B107E2D39007571A0 /* app-4.png in Resources */,
				00AF336C107E2D39007571A0 /* app-2.png in Resources */,
				00AF3376107E35ED007571A0 /* app-15.png in Resources */,
				00AF3377107E35ED007571A0 /* app-13.png in Resources */,
				00AF3378107E35ED007571A0 /* app-11.png in Resources */,
				00AF3379107E35ED007571A0 /* app-9.png in Resources */,
				00AF337A107E35ED007571A0 /* app-7.png in Resources */,
				00AF337B107E35ED007571A0 /* app-5.png in Resources */,
				00AF337C107E35ED007571A0 /* app-3.png in Resources */,
				00AF337D107E35ED007571A0 /* app-1.png in Resources */,
				002BEF7F108C762800E47918 /* real_path.rb in Resources */,
				000BBA9F108CB571004FB38E /* dsa_pub.pem in Resources */,
				000BBABC108CD6F6004FB38E /* status_bar_item.rb in Resources */,
			);
			runOnlyForDeploymentPostprocessing = 0;
		};
/* End PBXResourcesBuildPhase section */

/* Begin PBXSourcesBuildPhase section */
		4DDCA7090ACC9A6100E082CE /* Sources */ = {
			isa = PBXSourcesBuildPhase;
			buildActionMask = 2147483647;
			files = (
				4DDCA70A0ACC9A6100E082CE /* main.m in Sources */,
			);
			runOnlyForDeploymentPostprocessing = 0;
		};
/* End PBXSourcesBuildPhase section */

/* Begin PBXVariantGroup section */
		089C165CFE840E0CC02AAC07 /* InfoPlist.strings */ = {
			isa = PBXVariantGroup;
			children = (
				089C165DFE840E0CC02AAC07 /* English */,
			);
			name = InfoPlist.strings;
			sourceTree = "<group>";
		};
		29B97318FDCFA39411CA2CEA /* MainMenu.nib */ = {
			isa = PBXVariantGroup;
			children = (
				29B97319FDCFA39411CA2CEA /* English */,
			);
			name = MainMenu.nib;
			sourceTree = "<group>";
		};
/* End PBXVariantGroup section */

/* Begin XCBuildConfiguration section */
		4D7A7B580ABF745500C2D4C0 /* Debug */ = {
			isa = XCBuildConfiguration;
			buildSettings = {
				GCC_WARN_ABOUT_RETURN_TYPE = YES;
				GCC_WARN_UNUSED_VARIABLE = YES;
				PREBINDING = NO;
				SDKROOT = "$(DEVELOPER_SDK_DIR)/MacOSX10.5.sdk";
			};
			name = Debug;
		};
		4D7A7B590ABF745500C2D4C0 /* Release */ = {
			isa = XCBuildConfiguration;
			buildSettings = {
				ARCHS = (
					ppc,
					i386,
				);
				DEBUG_INFORMATION_FORMAT = "dwarf-with-dsym";
				GCC_WARN_ABOUT_RETURN_TYPE = YES;
				GCC_WARN_UNUSED_VARIABLE = YES;
				PREBINDING = NO;
				SDKROOT = "$(DEVELOPER_SDK_DIR)/MacOSX10.5.sdk";
			};
			name = Release;
		};
		4DDCA70F0ACC9A6100E082CE /* Debug */ = {
			isa = XCBuildConfiguration;
			buildSettings = {
				COPY_PHASE_STRIP = NO;
				FRAMEWORK_SEARCH_PATHS = (
					"$(inherited)",
					"\"$(SRCROOT)\"",
				);
				GCC_DYNAMIC_NO_PIC = NO;
				GCC_ENABLE_FIX_AND_CONTINUE = YES;
				GCC_MODEL_TUNING = G5;
				GCC_OPTIMIZATION_LEVEL = 0;
				INFOPLIST_FILE = Info.plist;
				INSTALL_PATH = "$(HOME)/Applications";
				PRODUCT_NAME = InstalldMenu;
				WRAPPER_EXTENSION = app;
				ZERO_LINK = YES;
			};
			name = Debug;
		};
		4DDCA7100ACC9A6100E082CE /* Release */ = {
			isa = XCBuildConfiguration;
			buildSettings = {
				ARCHS = (
					ppc,
					i386,
				);
				FRAMEWORK_SEARCH_PATHS = (
					"$(inherited)",
					"\"$(SRCROOT)\"",
				);
				GCC_MODEL_TUNING = G5;
				INFOPLIST_FILE = Info.plist;
				INSTALL_PATH = "$(HOME)/Applications";
				PRODUCT_NAME = InstalldMenu;
				WRAPPER_EXTENSION = app;
			};
			name = Release;
		};
/* End XCBuildConfiguration section */

/* Begin XCConfigurationList section */
		4D7A7B570ABF745500C2D4C0 /* Build configuration list for PBXProject "InstalldMenu" */ = {
			isa = XCConfigurationList;
			buildConfigurations = (
				4D7A7B580ABF745500C2D4C0 /* Debug */,
				4D7A7B590ABF745500C2D4C0 /* Release */,
			);
			defaultConfigurationIsVisible = 0;
			defaultConfigurationName = Release;
		};
		4DDCA70E0ACC9A6100E082CE /* Build configuration list for PBXNativeTarget "InstalldMenu" */ = {
			isa = XCConfigurationList;
			buildConfigurations = (
				4DDCA70F0ACC9A6100E082CE /* Debug */,
				4DDCA7100ACC9A6100E082CE /* Release */,
			);
			defaultConfigurationIsVisible = 0;
			defaultConfigurationName = Release;
		};
/* End XCConfigurationList section */
	};
	rootObject = 29B97313FDCFA39411CA2CEA /* Project object */;
}
