// !$*UTF8*$!
{
	archiveVersion = 1;
	classes = {
	};
	objectVersion = 44;
	objects = {

/* Begin PBXBuildFile section */
		000FDCB5106A698B00301825 /* command.rb in Resources */ = {isa = PBXBuildFile; fileRef = 000FDCB4106A698B00301825 /* command.rb */; };
		000FDCB8106A7E7100301825 /* key_chain.rb in Resources */ = {isa = PBXBuildFile; fileRef = 000FDCB6106A7E7100301825 /* key_chain.rb */; };
		000FDCB9106A7E7100301825 /* settings.rb in Resources */ = {isa = PBXBuildFile; fileRef = 000FDCB7106A7E7100301825 /* settings.rb */; };
		000FDCBB106A882100301825 /* launch_agent.rb in Resources */ = {isa = PBXBuildFile; fileRef = 000FDCBA106A882100301825 /* launch_agent.rb */; };
		0039E95C1064F2E0000F8CEE /* preferences.rb in Resources */ = {isa = PBXBuildFile; fileRef = 0039E95B1064F2E0000F8CEE /* preferences.rb */; };
		0039E9B7106790E4000F8CEE /* Security.bridgesupport in Resources */ = {isa = PBXBuildFile; fileRef = 0039E9B6106790E4000F8CEE /* Security.bridgesupport */; };
		0039E9C3106797A0000F8CEE /* sync_connection.rb in Resources */ = {isa = PBXBuildFile; fileRef = 0039E9C2106797A0000F8CEE /* sync_connection.rb */; };
		0039E9E5106813C4000F8CEE /* sync.sh in Resources */ = {isa = PBXBuildFile; fileRef = 0039E9E4106813C4000F8CEE /* sync.sh */; };
		00650C4B106E52AE00589DE3 /* Sparkle.framework in Frameworks */ = {isa = PBXBuildFile; fileRef = 00650C4A106E52AE00589DE3 /* Sparkle.framework */; };
		00650C61106E542200589DE3 /* Sparkle.framework in Copy Frameworks */ = {isa = PBXBuildFile; fileRef = 00650C4A106E52AE00589DE3 /* Sparkle.framework */; };
		00650C87106E739000589DE3 /* dsa_pub.pem in Resources */ = {isa = PBXBuildFile; fileRef = 00650C86106E739000589DE3 /* dsa_pub.pem */; };
		00650CD5106FB99600589DE3 /* RubyCocoa.framework in Copy Frameworks */ = {isa = PBXBuildFile; fileRef = 9648B5E70D195BC700DC73E2 /* RubyCocoa.framework */; };
		00650CF9106FBAB700589DE3 /* installd_pref.rb in Resources */ = {isa = PBXBuildFile; fileRef = 00650CF8106FBAB700589DE3 /* installd_pref.rb */; };
		00650D6A106FC95800589DE3 /* iphone_apps.rb in Resources */ = {isa = PBXBuildFile; fileRef = 00650D69106FC95800589DE3 /* iphone_apps.rb */; };
		00D9069C106CF06E008138EB /* keychainapi.bundle in Resources */ = {isa = PBXBuildFile; fileRef = 00D9069B106CF06E008138EB /* keychainapi.bundle */; };
		00F04EE7106CC600009E5DDF /* KeychainApi.h in Headers */ = {isa = PBXBuildFile; fileRef = 00F04EE5106CC600009E5DDF /* KeychainApi.h */; };
		00F04EE8106CC600009E5DDF /* KeychainApi.m in Sources */ = {isa = PBXBuildFile; fileRef = 00F04EE6106CC600009E5DDF /* KeychainApi.m */; };
		00F04FCA106CDFE4009E5DDF /* Security.framework in Frameworks */ = {isa = PBXBuildFile; fileRef = 00F04FC9106CDFE4009E5DDF /* Security.framework */; };
		8D202CEA0486D31800D8A456 /* Installd_Prefix.pch in Headers */ = {isa = PBXBuildFile; fileRef = 32DBCFA20370C41700C91783 /* Installd_Prefix.pch */; };
		8D202CED0486D31800D8A456 /* InfoPlist.strings in Resources */ = {isa = PBXBuildFile; fileRef = 089C167DFE841241C02AAC07 /* InfoPlist.strings */; };
		8D202CEE0486D31800D8A456 /* InstalldPref.tiff in Resources */ = {isa = PBXBuildFile; fileRef = F506C040013D9D8001CA16C8 /* InstalldPref.tiff */; };
		8D202CF10486D31800D8A456 /* InstalldPref.m in Sources */ = {isa = PBXBuildFile; fileRef = F506C03D013D9D7901CA16C8 /* InstalldPref.m */; };
		8D202CF30486D31800D8A456 /* Cocoa.framework in Frameworks */ = {isa = PBXBuildFile; fileRef = 1058C7ADFEA557BF11CA2CBB /* Cocoa.framework */; };
		8D202CF40486D31800D8A456 /* PreferencePanes.framework in Frameworks */ = {isa = PBXBuildFile; fileRef = F506C035013D953901CA16C8 /* PreferencePanes.framework */; };
		9648B5E80D195BC700DC73E2 /* RubyCocoa.framework in Frameworks */ = {isa = PBXBuildFile; fileRef = 9648B5E70D195BC700DC73E2 /* RubyCocoa.framework */; };
		9648B5F00D195C2F00DC73E2 /* Pref.xib in Resources */ = {isa = PBXBuildFile; fileRef = 9648B5EE0D195C2F00DC73E2 /* Pref.xib */; };
/* End PBXBuildFile section */

/* Begin PBXCopyFilesBuildPhase section */
		00650C5E106E530400589DE3 /* Copy Frameworks */ = {
			isa = PBXCopyFilesBuildPhase;
			buildActionMask = 2147483647;
			dstPath = "";
			dstSubfolderSpec = 10;
			files = (
				00650CD5106FB99600589DE3 /* RubyCocoa.framework in Copy Frameworks */,
				00650C61106E542200589DE3 /* Sparkle.framework in Copy Frameworks */,
			);
			name = "Copy Frameworks";
			runOnlyForDeploymentPostprocessing = 0;
		};
/* End PBXCopyFilesBuildPhase section */

/* Begin PBXFileReference section */
		000FDCB4106A698B00301825 /* command.rb */ = {isa = PBXFileReference; fileEncoding = 4; lastKnownFileType = text.script.ruby; path = command.rb; sourceTree = "<group>"; };
		000FDCB6106A7E7100301825 /* key_chain.rb */ = {isa = PBXFileReference; fileEncoding = 4; lastKnownFileType = text.script.ruby; path = key_chain.rb; sourceTree = "<group>"; };
		000FDCB7106A7E7100301825 /* settings.rb */ = {isa = PBXFileReference; fileEncoding = 4; lastKnownFileType = text.script.ruby; path = settings.rb; sourceTree = "<group>"; };
		000FDCBA106A882100301825 /* launch_agent.rb */ = {isa = PBXFileReference; fileEncoding = 4; lastKnownFileType = text.script.ruby; path = launch_agent.rb; sourceTree = "<group>"; };
		0039E95B1064F2E0000F8CEE /* preferences.rb */ = {isa = PBXFileReference; fileEncoding = 4; lastKnownFileType = text.script.ruby; path = preferences.rb; sourceTree = "<group>"; };
		0039E9B6106790E4000F8CEE /* Security.bridgesupport */ = {isa = PBXFileReference; fileEncoding = 4; lastKnownFileType = text.xml; path = Security.bridgesupport; sourceTree = "<group>"; };
		0039E9C2106797A0000F8CEE /* sync_connection.rb */ = {isa = PBXFileReference; fileEncoding = 4; lastKnownFileType = text.script.ruby; path = sync_connection.rb; sourceTree = "<group>"; };
		0039E9E4106813C4000F8CEE /* sync.sh */ = {isa = PBXFileReference; fileEncoding = 4; lastKnownFileType = text.script.sh; path = sync.sh; sourceTree = "<group>"; };
		00650C4A106E52AE00589DE3 /* Sparkle.framework */ = {isa = PBXFileReference; lastKnownFileType = wrapper.framework; path = Sparkle.framework; sourceTree = "<group>"; };
		00650C86106E739000589DE3 /* dsa_pub.pem */ = {isa = PBXFileReference; fileEncoding = 4; lastKnownFileType = text; path = dsa_pub.pem; sourceTree = "<group>"; };
		00650CF8106FBAB700589DE3 /* installd_pref.rb */ = {isa = PBXFileReference; fileEncoding = 4; lastKnownFileType = text.script.ruby; path = installd_pref.rb; sourceTree = "<group>"; };
		00650D69106FC95800589DE3 /* iphone_apps.rb */ = {isa = PBXFileReference; fileEncoding = 4; lastKnownFileType = text.script.ruby; path = iphone_apps.rb; sourceTree = "<group>"; };
		00D9069B106CF06E008138EB /* keychainapi.bundle */ = {isa = PBXFileReference; lastKnownFileType = "compiled.mach-o.bundle"; path = keychainapi.bundle; sourceTree = "<group>"; };
		00F04EE5106CC600009E5DDF /* KeychainApi.h */ = {isa = PBXFileReference; fileEncoding = 4; lastKnownFileType = sourcecode.c.h; path = KeychainApi.h; sourceTree = "<group>"; };
		00F04EE6106CC600009E5DDF /* KeychainApi.m */ = {isa = PBXFileReference; fileEncoding = 4; lastKnownFileType = sourcecode.c.objc; path = KeychainApi.m; sourceTree = "<group>"; };
		00F04FC9106CDFE4009E5DDF /* Security.framework */ = {isa = PBXFileReference; lastKnownFileType = wrapper.framework; name = Security.framework; path = /System/Library/Frameworks/Security.framework; sourceTree = "<absolute>"; };
		089C1672FE841209C02AAC07 /* Foundation.framework */ = {isa = PBXFileReference; lastKnownFileType = wrapper.framework; name = Foundation.framework; path = /System/Library/Frameworks/Foundation.framework; sourceTree = "<absolute>"; };
		089C167EFE841241C02AAC07 /* English */ = {isa = PBXFileReference; fileEncoding = 10; lastKnownFileType = text.plist.strings; name = English; path = English.lproj/InfoPlist.strings; sourceTree = "<group>"; };
		089C167FFE841241C02AAC07 /* AppKit.framework */ = {isa = PBXFileReference; lastKnownFileType = wrapper.framework; name = AppKit.framework; path = /System/Library/Frameworks/AppKit.framework; sourceTree = "<absolute>"; };
		1058C7ADFEA557BF11CA2CBB /* Cocoa.framework */ = {isa = PBXFileReference; lastKnownFileType = wrapper.framework; name = Cocoa.framework; path = /System/Library/Frameworks/Cocoa.framework; sourceTree = "<absolute>"; };
		32DBCFA20370C41700C91783 /* Installd_Prefix.pch */ = {isa = PBXFileReference; fileEncoding = 4; lastKnownFileType = sourcecode.c.h; path = Installd_Prefix.pch; sourceTree = "<group>"; };
		8D202CF70486D31800D8A456 /* Info.plist */ = {isa = PBXFileReference; fileEncoding = 4; lastKnownFileType = text.plist; path = Info.plist; sourceTree = "<group>"; };
		8D202CF80486D31800D8A456 /* Installd.prefPane */ = {isa = PBXFileReference; explicitFileType = wrapper.cfbundle; includeInIndex = 0; path = Installd.prefPane; sourceTree = BUILT_PRODUCTS_DIR; };
		9648B5E70D195BC700DC73E2 /* RubyCocoa.framework */ = {isa = PBXFileReference; lastKnownFileType = wrapper.framework; name = RubyCocoa.framework; path = /System/Library/Frameworks/RubyCocoa.framework; sourceTree = "<absolute>"; };
		9648B5EF0D195C2F00DC73E2 /* English */ = {isa = PBXFileReference; lastKnownFileType = file.xib; name = English; path = English.lproj/InstalldPref.xib; sourceTree = "<group>"; };
		F506C035013D953901CA16C8 /* PreferencePanes.framework */ = {isa = PBXFileReference; lastKnownFileType = wrapper.framework; name = PreferencePanes.framework; path = /System/Library/Frameworks/PreferencePanes.framework; sourceTree = "<absolute>"; };
		F506C03D013D9D7901CA16C8 /* InstalldPref.m */ = {isa = PBXFileReference; fileEncoding = 4; lastKnownFileType = sourcecode.c.objc; path = InstalldPref.m; sourceTree = "<group>"; };
		F506C040013D9D8001CA16C8 /* InstalldPref.tiff */ = {isa = PBXFileReference; lastKnownFileType = image.tiff; path = InstalldPref.tiff; sourceTree = "<group>"; };
/* End PBXFileReference section */

/* Begin PBXFrameworksBuildPhase section */
		8D202CF20486D31800D8A456 /* Frameworks */ = {
			isa = PBXFrameworksBuildPhase;
			buildActionMask = 2147483647;
			files = (
				8D202CF30486D31800D8A456 /* Cocoa.framework in Frameworks */,
				8D202CF40486D31800D8A456 /* PreferencePanes.framework in Frameworks */,
				9648B5E80D195BC700DC73E2 /* RubyCocoa.framework in Frameworks */,
				00F04FCA106CDFE4009E5DDF /* Security.framework in Frameworks */,
				00650C4B106E52AE00589DE3 /* Sparkle.framework in Frameworks */,
			);
			runOnlyForDeploymentPostprocessing = 0;
		};
/* End PBXFrameworksBuildPhase section */

/* Begin PBXGroup section */
		089C166AFE841209C02AAC07 /* Installd */ = {
			isa = PBXGroup;
			children = (
				08FB77AFFE84173DC02AAC07 /* Classes */,
				32DBCFA10370C40200C91783 /* Other Sources */,
				089C167CFE841241C02AAC07 /* Resources */,
				089C1671FE841209C02AAC07 /* Frameworks and Libraries */,
				19C28FB8FE9D52D311CA2CBB /* Products */,
			);
			name = Installd;
			sourceTree = "<group>";
		};
		089C1671FE841209C02AAC07 /* Frameworks and Libraries */ = {
			isa = PBXGroup;
			children = (
				1058C7ACFEA557BF11CA2CBB /* Linked Frameworks */,
				1058C7AEFEA557BF11CA2CBB /* Other Frameworks */,
			);
			name = "Frameworks and Libraries";
			sourceTree = "<group>";
		};
		089C167CFE841241C02AAC07 /* Resources */ = {
			isa = PBXGroup;
			children = (
				00650C86106E739000589DE3 /* dsa_pub.pem */,
				00D9069B106CF06E008138EB /* keychainapi.bundle */,
				0039E9B6106790E4000F8CEE /* Security.bridgesupport */,
				9648B5EE0D195C2F00DC73E2 /* Pref.xib */,
				8D202CF70486D31800D8A456 /* Info.plist */,
				089C167DFE841241C02AAC07 /* InfoPlist.strings */,
				F506C040013D9D8001CA16C8 /* InstalldPref.tiff */,
			);
			name = Resources;
			sourceTree = "<group>";
		};
		08FB77AFFE84173DC02AAC07 /* Classes */ = {
			isa = PBXGroup;
			children = (
				00650D69106FC95800589DE3 /* iphone_apps.rb */,
				00650CF8106FBAB700589DE3 /* installd_pref.rb */,
				000FDCBA106A882100301825 /* launch_agent.rb */,
				000FDCB6106A7E7100301825 /* key_chain.rb */,
				000FDCB7106A7E7100301825 /* settings.rb */,
				000FDCB4106A698B00301825 /* command.rb */,
				0039E9C2106797A0000F8CEE /* sync_connection.rb */,
				0039E95B1064F2E0000F8CEE /* preferences.rb */,
				F506C03D013D9D7901CA16C8 /* InstalldPref.m */,
				00F04EE5106CC600009E5DDF /* KeychainApi.h */,
				00F04EE6106CC600009E5DDF /* KeychainApi.m */,
			);
			name = Classes;
			sourceTree = "<group>";
		};
		1058C7ACFEA557BF11CA2CBB /* Linked Frameworks */ = {
			isa = PBXGroup;
			children = (
				00F04FC9106CDFE4009E5DDF /* Security.framework */,
				00650C4A106E52AE00589DE3 /* Sparkle.framework */,
				9648B5E70D195BC700DC73E2 /* RubyCocoa.framework */,
				1058C7ADFEA557BF11CA2CBB /* Cocoa.framework */,
				F506C035013D953901CA16C8 /* PreferencePanes.framework */,
			);
			name = "Linked Frameworks";
			sourceTree = "<group>";
		};
		1058C7AEFEA557BF11CA2CBB /* Other Frameworks */ = {
			isa = PBXGroup;
			children = (
				089C1672FE841209C02AAC07 /* Foundation.framework */,
				089C167FFE841241C02AAC07 /* AppKit.framework */,
			);
			name = "Other Frameworks";
			sourceTree = "<group>";
		};
		19C28FB8FE9D52D311CA2CBB /* Products */ = {
			isa = PBXGroup;
			children = (
				8D202CF80486D31800D8A456 /* Installd.prefPane */,
			);
			name = Products;
			sourceTree = "<group>";
		};
		32DBCFA10370C40200C91783 /* Other Sources */ = {
			isa = PBXGroup;
			children = (
				0039E9E4106813C4000F8CEE /* sync.sh */,
				32DBCFA20370C41700C91783 /* Installd_Prefix.pch */,
			);
			name = "Other Sources";
			sourceTree = "<group>";
		};
/* End PBXGroup section */

/* Begin PBXHeadersBuildPhase section */
		8D202CE90486D31800D8A456 /* Headers */ = {
			isa = PBXHeadersBuildPhase;
			buildActionMask = 2147483647;
			files = (
				8D202CEA0486D31800D8A456 /* Installd_Prefix.pch in Headers */,
				00F04EE7106CC600009E5DDF /* KeychainApi.h in Headers */,
			);
			runOnlyForDeploymentPostprocessing = 0;
		};
/* End PBXHeadersBuildPhase section */

/* Begin PBXNativeTarget section */
		8D202CE80486D31800D8A456 /* Installd */ = {
			isa = PBXNativeTarget;
			buildConfigurationList = 1DBD214808BA80EA00186707 /* Build configuration list for PBXNativeTarget "Installd" */;
			buildPhases = (
				8D202CE90486D31800D8A456 /* Headers */,
				8D202CEC0486D31800D8A456 /* Resources */,
				8D202CF00486D31800D8A456 /* Sources */,
				8D202CF20486D31800D8A456 /* Frameworks */,
				8D202CF50486D31800D8A456 /* Rez */,
				00650C5E106E530400589DE3 /* Copy Frameworks */,
			);
			buildRules = (
			);
			dependencies = (
			);
			name = Installd;
			productInstallPath = "$(HOME)/Library/PreferencePanes";
			productName = Installd;
			productReference = 8D202CF80486D31800D8A456 /* Installd.prefPane */;
			productType = "com.apple.product-type.bundle";
		};
/* End PBXNativeTarget section */

/* Begin PBXProject section */
		089C1669FE841209C02AAC07 /* Project object */ = {
			isa = PBXProject;
			buildConfigurationList = 1DBD214C08BA80EA00186707 /* Build configuration list for PBXProject "Installd" */;
			compatibilityVersion = "Xcode 3.0";
			hasScannedForEncodings = 1;
			mainGroup = 089C166AFE841209C02AAC07 /* Installd */;
			projectDirPath = "";
			projectRoot = "";
			targets = (
				8D202CE80486D31800D8A456 /* Installd */,
			);
		};
/* End PBXProject section */

/* Begin PBXResourcesBuildPhase section */
		8D202CEC0486D31800D8A456 /* Resources */ = {
			isa = PBXResourcesBuildPhase;
			buildActionMask = 2147483647;
			files = (
				8D202CED0486D31800D8A456 /* InfoPlist.strings in Resources */,
				8D202CEE0486D31800D8A456 /* InstalldPref.tiff in Resources */,
				9648B5F00D195C2F00DC73E2 /* Pref.xib in Resources */,
				0039E95C1064F2E0000F8CEE /* preferences.rb in Resources */,
				0039E9B7106790E4000F8CEE /* Security.bridgesupport in Resources */,
				0039E9C3106797A0000F8CEE /* sync_connection.rb in Resources */,
				0039E9E5106813C4000F8CEE /* sync.sh in Resources */,
				000FDCB5106A698B00301825 /* command.rb in Resources */,
				000FDCB8106A7E7100301825 /* key_chain.rb in Resources */,
				000FDCB9106A7E7100301825 /* settings.rb in Resources */,
				000FDCBB106A882100301825 /* launch_agent.rb in Resources */,
				00D9069C106CF06E008138EB /* keychainapi.bundle in Resources */,
				00650C87106E739000589DE3 /* dsa_pub.pem in Resources */,
				00650CF9106FBAB700589DE3 /* installd_pref.rb in Resources */,
				00650D6A106FC95800589DE3 /* iphone_apps.rb in Resources */,
			);
			runOnlyForDeploymentPostprocessing = 0;
		};
/* End PBXResourcesBuildPhase section */

/* Begin PBXRezBuildPhase section */
		8D202CF50486D31800D8A456 /* Rez */ = {
			isa = PBXRezBuildPhase;
			buildActionMask = 2147483647;
			files = (
			);
			runOnlyForDeploymentPostprocessing = 0;
		};
/* End PBXRezBuildPhase section */

/* Begin PBXSourcesBuildPhase section */
		8D202CF00486D31800D8A456 /* Sources */ = {
			isa = PBXSourcesBuildPhase;
			buildActionMask = 2147483647;
			files = (
				8D202CF10486D31800D8A456 /* InstalldPref.m in Sources */,
				00F04EE8106CC600009E5DDF /* KeychainApi.m in Sources */,
			);
			runOnlyForDeploymentPostprocessing = 0;
		};
/* End PBXSourcesBuildPhase section */

/* Begin PBXVariantGroup section */
		089C167DFE841241C02AAC07 /* InfoPlist.strings */ = {
			isa = PBXVariantGroup;
			children = (
				089C167EFE841241C02AAC07 /* English */,
			);
			name = InfoPlist.strings;
			sourceTree = "<group>";
		};
		9648B5EE0D195C2F00DC73E2 /* Pref.xib */ = {
			isa = PBXVariantGroup;
			children = (
				9648B5EF0D195C2F00DC73E2 /* English */,
			);
			name = Pref.xib;
			sourceTree = "<group>";
		};
/* End PBXVariantGroup section */

/* Begin XCBuildConfiguration section */
		1DBD214908BA80EA00186707 /* Debug */ = {
			isa = XCBuildConfiguration;
			buildSettings = {
				COPY_PHASE_STRIP = NO;
				FRAMEWORK_SEARCH_PATHS = (
					"$(inherited)",
					"\"$(SRCROOT)\"",
				);
				GCC_DYNAMIC_NO_PIC = NO;
				GCC_ENABLE_FIX_AND_CONTINUE = YES;
				GCC_MODEL_TUNING = G5;
				GCC_OPTIMIZATION_LEVEL = 0;
				GCC_PRECOMPILE_PREFIX_HEADER = YES;
				GCC_PREFIX_HEADER = Installd_Prefix.pch;
				INFOPLIST_FILE = Info.plist;
				INSTALL_PATH = "$(HOME)/Library/PreferencePanes";
				PRODUCT_NAME = Installd;
				WRAPPER_EXTENSION = prefPane;
				ZERO_LINK = YES;
			};
			name = Debug;
		};
		1DBD214A08BA80EA00186707 /* Release */ = {
			isa = XCBuildConfiguration;
			buildSettings = {
				DEBUG_INFORMATION_FORMAT = "dwarf-with-dsym";
				FRAMEWORK_SEARCH_PATHS = (
					"$(inherited)",
					"\"$(SRCROOT)\"",
				);
				GCC_MODEL_TUNING = G5;
				GCC_PRECOMPILE_PREFIX_HEADER = YES;
				GCC_PREFIX_HEADER = Installd_Prefix.pch;
				INFOPLIST_FILE = Info.plist;
				INSTALL_PATH = "$(HOME)/Library/PreferencePanes";
				PRODUCT_NAME = Installd;
				WRAPPER_EXTENSION = prefPane;
			};
			name = Release;
		};
		1DBD214D08BA80EA00186707 /* Debug */ = {
			isa = XCBuildConfiguration;
			buildSettings = {
				GCC_WARN_ABOUT_RETURN_TYPE = YES;
				GCC_WARN_UNUSED_VARIABLE = YES;
				MACOSX_DEPLOYMENT_TARGET = 10.4;
				PREBINDING = NO;
				SDKROOT = "$(DEVELOPER_SDK_DIR)/MacOSX10.5.sdk";
			};
			name = Debug;
		};
		1DBD214E08BA80EA00186707 /* Release */ = {
			isa = XCBuildConfiguration;
			buildSettings = {
				ARCHS = (
					ppc,
					i386,
				);
				GCC_WARN_ABOUT_RETURN_TYPE = YES;
				GCC_WARN_UNUSED_VARIABLE = YES;
				MACOSX_DEPLOYMENT_TARGET = 10.4;
				PREBINDING = NO;
				SDKROOT = "$(DEVELOPER_SDK_DIR)/MacOSX10.5.sdk";
			};
			name = Release;
		};
/* End XCBuildConfiguration section */

/* Begin XCConfigurationList section */
		1DBD214808BA80EA00186707 /* Build configuration list for PBXNativeTarget "Installd" */ = {
			isa = XCConfigurationList;
			buildConfigurations = (
				1DBD214908BA80EA00186707 /* Debug */,
				1DBD214A08BA80EA00186707 /* Release */,
			);
			defaultConfigurationIsVisible = 0;
			defaultConfigurationName = Release;
		};
		1DBD214C08BA80EA00186707 /* Build configuration list for PBXProject "Installd" */ = {
			isa = XCConfigurationList;
			buildConfigurations = (
				1DBD214D08BA80EA00186707 /* Debug */,
				1DBD214E08BA80EA00186707 /* Release */,
			);
			defaultConfigurationIsVisible = 0;
			defaultConfigurationName = Release;
		};
/* End XCConfigurationList section */
	};
	rootObject = 089C1669FE841209C02AAC07 /* Project object */;
}
